{
  "name": "deploy_api",
  "lockfileVersion": 3,
  "requires": true,
  "packages": {
    "": {
      "dependencies": {
        "ecc-universal": "^1.0.0"
      }
    },
    "node_modules/ecc-universal": {
      "version": "1.0.0",
      "resolved": "https://registry.npmjs.org/ecc-universal/-/ecc-universal-1.0.0.tgz",
      "integrity": "sha512-yq2jvAViqYPeSsjo3aysAzQ1+2+onSopwSFF8L6I0ZuxkeG8ZeMzZ51PGIoyVVVPWMsETsjZW37cdKQOwXPIVg==",
      "hasInstallScript": true,
      "license": "MIT",
      "bin": {
        "ecc-install": "install.sh"
      },
      "engines": {
        "node": ">=18"
      }
    }
  }
}
